
Microsoft Visual Studio Solution File, Format Version 12.00
# Visual Studio Version 17
VisualStudioVersion = 17.8.34330.188
MinimumVisualStudioVersion = 10.0.40219.1
Project("{FAE04EC0-301F-11D3-BF4B-00C04F79EFBC}") = "WinterApp", "WinterApp.csproj", "{F5E7CA86-980F-4B04-B8AC-F5CF4B5EEC38}"
EndProject
Global
	GlobalSection(SolutionConfigurationPlatforms) = preSolution
		Debug|Any CPU = Debug|Any CPU
		Release|Any CPU = Release|Any CPU
	EndGlobalSection
	GlobalSection(ProjectConfigurationPlatforms) = postSolution
		{F5E7CA86-980F-4B04-B8AC-F5CF4B5EEC38}.Debug|Any CPU.ActiveCfg = Debug|Any CPU
		{F5E7CA86-980F-4B04-B8AC-F5CF4B5EEC38}.Debug|Any CPU.Build.0 = Debug|Any CPU
		{F5E7CA86-980F-4B04-B8AC-F5CF4B5EEC38}.Release|Any CPU.ActiveCfg = Release|Any CPU
		{F5E7CA86-980F-4B04-B8AC-F5CF4B5EEC38}.Release|Any CPU.Build.0 = Release|Any CPU
	EndGlobalSection
	GlobalSection(SolutionProperties) = preSolution
		HideSolutionNode = FALSE
	EndGlobalSection
	GlobalSection(ExtensibilityGlobals) = postSolution
		SolutionGuid = {FEFE3CA5-9DFA-4D40-A096-73E2EAED49E0}
	EndGlobalSection
EndGlobal
